
Microsoft Visual Studio Solution File, Format Version 12.00
# Visual Studio Version 17
VisualStudioVersion = 17.1.32328.378
MinimumVisualStudioVersion = 10.0.40219.1
Project("{FAE04EC0-301F-11D3-BF4B-00C04F79EFBC}") = "Csharp", "Csharp.csproj", "{D93EEA9C-C07E-4EF6-B8AE-0B18D0BFA540}"
EndProject
Global
	GlobalSection(SolutionConfigurationPlatforms) = preSolution
		Debug|Any CPU = Debug|Any CPU
		Release|Any CPU = Release|Any CPU
	EndGlobalSection
	GlobalSection(ProjectConfigurationPlatforms) = postSolution
		{D93EEA9C-C07E-4EF6-B8AE-0B18D0BFA540}.Debug|Any CPU.ActiveCfg = Debug|Any CPU
		{D93EEA9C-C07E-4EF6-B8AE-0B18D0BFA540}.Debug|Any CPU.Build.0 = Debug|Any CPU
		{D93EEA9C-C07E-4EF6-B8AE-0B18D0BFA540}.Release|Any CPU.ActiveCfg = Release|Any CPU
		{D93EEA9C-C07E-4EF6-B8AE-0B18D0BFA540}.Release|Any CPU.Build.0 = Release|Any CPU
	EndGlobalSection
	GlobalSection(SolutionProperties) = preSolution
		HideSolutionNode = FALSE
	EndGlobalSection
	GlobalSection(ExtensibilityGlobals) = postSolution
		SolutionGuid = {E95AFFB2-19B5-4B0D-B98E-E3E78A2D4E52}
	EndGlobalSection
EndGlobal
